// !$*UTF8*$!
{
	archiveVersion = 1;
	classes = {
	};
	objectVersion = 56;
	objects = {

/* Begin PBXBuildFile section */
		347E19812926F9C700846218 /* ItemsViewController.swift in Sources */ = {isa = PBXBuildFile; fileRef = 347E19802926F9C700846218 /* ItemsViewController.swift */; };
		34A8731B2927065C0048E7C6 /* ItemStore.swift in Sources */ = {isa = PBXBuildFile; fileRef = 34A8731A2927065C0048E7C6 /* ItemStore.swift */; };
		34A8731D29276B170048E7C6 /* TableViewCell.swift in Sources */ = {isa = PBXBuildFile; fileRef = 34A8731C29276B170048E7C6 /* TableViewCell.swift */; };
		34A8731F292775210048E7C6 /* DetailController.swift in Sources */ = {isa = PBXBuildFile; fileRef = 34A8731E292775210048E7C6 /* DetailController.swift */; };
		34F0E182292306AD0049E906 /* AppDelegate.swift in Sources */ = {isa = PBXBuildFile; fileRef = 34F0E181292306AD0049E906 /* AppDelegate.swift */; };
		34F0E184292306AD0049E906 /* SceneDelegate.swift in Sources */ = {isa = PBXBuildFile; fileRef = 34F0E183292306AD0049E906 /* SceneDelegate.swift */; };
		34F0E186292306AD0049E906 /* NumViewController.swift in Sources */ = {isa = PBXBuildFile; fileRef = 34F0E185292306AD0049E906 /* NumViewController.swift */; };
		34F0E189292306AD0049E906 /* Main.storyboard in Resources */ = {isa = PBXBuildFile; fileRef = 34F0E187292306AD0049E906 /* Main.storyboard */; };
		34F0E18B292306AF0049E906 /* Assets.xcassets in Resources */ = {isa = PBXBuildFile; fileRef = 34F0E18A292306AF0049E906 /* Assets.xcassets */; };
		34F0E18E292306AF0049E906 /* LaunchScreen.storyboard in Resources */ = {isa = PBXBuildFile; fileRef = 34F0E18C292306AF0049E906 /* LaunchScreen.storyboard */; };
		34F0E199292306AF0049E906 /* quizTests.swift in Sources */ = {isa = PBXBuildFile; fileRef = 34F0E198292306AF0049E906 /* quizTests.swift */; };
		34F0E1A3292306AF0049E906 /* quizUITests.swift in Sources */ = {isa = PBXBuildFile; fileRef = 34F0E1A2292306AF0049E906 /* quizUITests.swift */; };
		34F0E1A5292306AF0049E906 /* quizUITestsLaunchTests.swift in Sources */ = {isa = PBXBuildFile; fileRef = 34F0E1A4292306AF0049E906 /* quizUITestsLaunchTests.swift */; };
		34F0E1B3292448DF0049E906 /* MCQsViewController.swift in Sources */ = {isa = PBXBuildFile; fileRef = 34F0E1B2292448DF0049E906 /* MCQsViewController.swift */; };
		34F0E1B529244C7B0049E906 /* ScoresViewController.swift in Sources */ = {isa = PBXBuildFile; fileRef = 34F0E1B429244C7B0049E906 /* ScoresViewController.swift */; };
		34F0E1B7292558AB0049E906 /* PublicData.swift in Sources */ = {isa = PBXBuildFile; fileRef = 34F0E1B6292558AB0049E906 /* PublicData.swift */; };
		EBD6B167643941A37C75E01A /* Pods_quiz.framework in Frameworks */ = {isa = PBXBuildFile; fileRef = 06F19DE7CA56245EC773D177 /* Pods_quiz.framework */; };
/* End PBXBuildFile section */

/* Begin PBXContainerItemProxy section */
		34F0E195292306AF0049E906 /* PBXContainerItemProxy */ = {
			isa = PBXContainerItemProxy;
			containerPortal = 34F0E176292306AD0049E906 /* Project object */;
			proxyType = 1;
			remoteGlobalIDString = 34F0E17D292306AD0049E906;
			remoteInfo = quiz;
		};
		34F0E19F292306AF0049E906 /* PBXContainerItemProxy */ = {
			isa = PBXContainerItemProxy;
			containerPortal = 34F0E176292306AD0049E906 /* Project object */;
			proxyType = 1;
			remoteGlobalIDString = 34F0E17D292306AD0049E906;
			remoteInfo = quiz;
		};
/* End PBXContainerItemProxy section */

/* Begin PBXFileReference section */
		06F19DE7CA56245EC773D177 /* Pods_quiz.framework */ = {isa = PBXFileReference; explicitFileType = wrapper.framework; includeInIndex = 0; path = Pods_quiz.framework; sourceTree = BUILT_PRODUCTS_DIR; };
		347E19802926F9C700846218 /* ItemsViewController.swift */ = {isa = PBXFileReference; lastKnownFileType = sourcecode.swift; path = ItemsViewController.swift; sourceTree = "<group>"; };
		34A8731A2927065C0048E7C6 /* ItemStore.swift */ = {isa = PBXFileReference; lastKnownFileType = sourcecode.swift; path = ItemStore.swift; sourceTree = "<group>"; };
		34A8731C29276B170048E7C6 /* TableViewCell.swift */ = {isa = PBXFileReference; lastKnownFileType = sourcecode.swift; path = TableViewCell.swift; sourceTree = "<group>"; };
		34A8731E292775210048E7C6 /* DetailController.swift */ = {isa = PBXFileReference; lastKnownFileType = sourcecode.swift; path = DetailController.swift; sourceTree = "<group>"; };
		34F0E17E292306AD0049E906 /* quiz.app */ = {isa = PBXFileReference; explicitFileType = wrapper.application; includeInIndex = 0; path = quiz.app; sourceTree = BUILT_PRODUCTS_DIR; };
		34F0E181292306AD0049E906 /* AppDelegate.swift */ = {isa = PBXFileReference; lastKnownFileType = sourcecode.swift; path = AppDelegate.swift; sourceTree = "<group>"; };
		34F0E183292306AD0049E906 /* SceneDelegate.swift */ = {isa = PBXFileReference; lastKnownFileType = sourcecode.swift; path = SceneDelegate.swift; sourceTree = "<group>"; };
		34F0E185292306AD0049E906 /* NumViewController.swift */ = {isa = PBXFileReference; lastKnownFileType = sourcecode.swift; path = NumViewController.swift; sourceTree = "<group>"; };
		34F0E188292306AD0049E906 /* Base */ = {isa = PBXFileReference; lastKnownFileType = file.storyboard; name = Base; path = Base.lproj/Main.storyboard; sourceTree = "<group>"; };
		34F0E18A292306AF0049E906 /* Assets.xcassets */ = {isa = PBXFileReference; lastKnownFileType = folder.assetcatalog; path = Assets.xcassets; sourceTree = "<group>"; };
		34F0E18D292306AF0049E906 /* Base */ = {isa = PBXFileReference; lastKnownFileType = file.storyboard; name = Base; path = Base.lproj/LaunchScreen.storyboard; sourceTree = "<group>"; };
		34F0E18F292306AF0049E906 /* Info.plist */ = {isa = PBXFileReference; lastKnownFileType = text.plist.xml; path = Info.plist; sourceTree = "<group>"; };
		34F0E194292306AF0049E906 /* quizTests.xctest */ = {isa = PBXFileReference; explicitFileType = wrapper.cfbundle; includeInIndex = 0; path = quizTests.xctest; sourceTree = BUILT_PRODUCTS_DIR; };
		34F0E198292306AF0049E906 /* quizTests.swift */ = {isa = PBXFileReference; lastKnownFileType = sourcecode.swift; path = quizTests.swift; sourceTree = "<group>"; };
		34F0E19E292306AF0049E906 /* quizUITests.xctest */ = {isa = PBXFileReference; explicitFileType = wrapper.cfbundle; includeInIndex = 0; path = quizUITests.xctest; sourceTree = BUILT_PRODUCTS_DIR; };
		34F0E1A2292306AF0049E906 /* quizUITests.swift */ = {isa = PBXFileReference; lastKnownFileType = sourcecode.swift; path = quizUITests.swift; sourceTree = "<group>"; };
		34F0E1A4292306AF0049E906 /* quizUITestsLaunchTests.swift */ = {isa = PBXFileReference; lastKnownFileType = sourcecode.swift; path = quizUITestsLaunchTests.swift; sourceTree = "<group>"; };
		34F0E1B2292448DF0049E906 /* MCQsViewController.swift */ = {isa = PBXFileReference; lastKnownFileType = sourcecode.swift; path = MCQsViewController.swift; sourceTree = "<group>"; };
		34F0E1B429244C7B0049E906 /* ScoresViewController.swift */ = {isa = PBXFileReference; lastKnownFileType = sourcecode.swift; path = ScoresViewController.swift; sourceTree = "<group>"; };
		34F0E1B6292558AB0049E906 /* PublicData.swift */ = {isa = PBXFileReference; lastKnownFileType = sourcecode.swift; path = PublicData.swift; sourceTree = "<group>"; };
		EF8EE64797958DA04F77FA44 /* Pods-quiz.debug.xcconfig */ = {isa = PBXFileReference; includeInIndex = 1; lastKnownFileType = text.xcconfig; name = "Pods-quiz.debug.xcconfig"; path = "Target Support Files/Pods-quiz/Pods-quiz.debug.xcconfig"; sourceTree = "<group>"; };
		F846D3C75469484DD084AF73 /* Pods-quiz.release.xcconfig */ = {isa = PBXFileReference; includeInIndex = 1; lastKnownFileType = text.xcconfig; name = "Pods-quiz.release.xcconfig"; path = "Target Support Files/Pods-quiz/Pods-quiz.release.xcconfig"; sourceTree = "<group>"; };
/* End PBXFileReference section */

/* Begin PBXFrameworksBuildPhase section */
		34F0E17B292306AD0049E906 /* Frameworks */ = {
			isa = PBXFrameworksBuildPhase;
			buildActionMask = 2147483647;
			files = (
				EBD6B167643941A37C75E01A /* Pods_quiz.framework in Frameworks */,
			);
			runOnlyForDeploymentPostprocessing = 0;
		};
		34F0E191292306AF0049E906 /* Frameworks */ = {
			isa = PBXFrameworksBuildPhase;
			buildActionMask = 2147483647;
			files = (
			);
			runOnlyForDeploymentPostprocessing = 0;
		};
		34F0E19B292306AF0049E906 /* Frameworks */ = {
			isa = PBXFrameworksBuildPhase;
			buildActionMask = 2147483647;
			files = (
			);
			runOnlyForDeploymentPostprocessing = 0;
		};
/* End PBXFrameworksBuildPhase section */

/* Begin PBXGroup section */
		09A6C987A27637AECEEA02B0 /* Pods */ = {
			isa = PBXGroup;
			children = (
				EF8EE64797958DA04F77FA44 /* Pods-quiz.debug.xcconfig */,
				F846D3C75469484DD084AF73 /* Pods-quiz.release.xcconfig */,
			);
			path = Pods;
			sourceTree = "<group>";
		};
		34F0E175292306AD0049E906 = {
			isa = PBXGroup;
			children = (
				34F0E180292306AD0049E906 /* quiz */,
				34F0E197292306AF0049E906 /* quizTests */,
				34F0E1A1292306AF0049E906 /* quizUITests */,
				34F0E17F292306AD0049E906 /* Products */,
				09A6C987A27637AECEEA02B0 /* Pods */,
				6A2D5C62EB4F9F6B5E0E8CEA /* Frameworks */,
			);
			sourceTree = "<group>";
		};
		34F0E17F292306AD0049E906 /* Products */ = {
			isa = PBXGroup;
			children = (
				34F0E17E292306AD0049E906 /* quiz.app */,
				34F0E194292306AF0049E906 /* quizTests.xctest */,
				34F0E19E292306AF0049E906 /* quizUITests.xctest */,
			);
			name = Products;
			sourceTree = "<group>";
		};
		34F0E180292306AD0049E906 /* quiz */ = {
			isa = PBXGroup;
			children = (
				34F0E1BB29256AC70049E906 /* View */,
				34F0E1BC29256AD20049E906 /* Controller */,
				34F0E1BA29256A9C0049E906 /* Model */,
				34F0E181292306AD0049E906 /* AppDelegate.swift */,
				34F0E183292306AD0049E906 /* SceneDelegate.swift */,
				34F0E18A292306AF0049E906 /* Assets.xcassets */,
				34F0E18F292306AF0049E906 /* Info.plist */,
			);
			path = quiz;
			sourceTree = "<group>";
		};
		34F0E197292306AF0049E906 /* quizTests */ = {
			isa = PBXGroup;
			children = (
				34F0E198292306AF0049E906 /* quizTests.swift */,
			);
			path = quizTests;
			sourceTree = "<group>";
		};
		34F0E1A1292306AF0049E906 /* quizUITests */ = {
			isa = PBXGroup;
			children = (
				34F0E1A2292306AF0049E906 /* quizUITests.swift */,
				34F0E1A4292306AF0049E906 /* quizUITestsLaunchTests.swift */,
			);
			path = quizUITests;
			sourceTree = "<group>";
		};
		34F0E1BA29256A9C0049E906 /* Model */ = {
			isa = PBXGroup;
			children = (
				34F0E1B6292558AB0049E906 /* PublicData.swift */,
				34A8731A2927065C0048E7C6 /* ItemStore.swift */,
			);
			path = Model;
			sourceTree = "<group>";
		};
		34F0E1BB29256AC70049E906 /* View */ = {
			isa = PBXGroup;
			children = (
				34F0E18C292306AF0049E906 /* LaunchScreen.storyboard */,
				34F0E187292306AD0049E906 /* Main.storyboard */,
				34A8731C29276B170048E7C6 /* TableViewCell.swift */,
			);
			path = View;
			sourceTree = "<group>";
		};
		34F0E1BC29256AD20049E906 /* Controller */ = {
			isa = PBXGroup;
			children = (
				34F0E1B429244C7B0049E906 /* ScoresViewController.swift */,
				347E19802926F9C700846218 /* ItemsViewController.swift */,
				34A8731E292775210048E7C6 /* DetailController.swift */,
				34F0E1B2292448DF0049E906 /* MCQsViewController.swift */,
				34F0E185292306AD0049E906 /* NumViewController.swift */,
			);
			path = Controller;
			sourceTree = "<group>";
		};
		6A2D5C62EB4F9F6B5E0E8CEA /* Frameworks */ = {
			isa = PBXGroup;
			children = (
				06F19DE7CA56245EC773D177 /* Pods_quiz.framework */,
			);
			name = Frameworks;
			sourceTree = "<group>";
		};
/* End PBXGroup section */

/* Begin PBXNativeTarget section */
		34F0E17D292306AD0049E906 /* quiz */ = {
			isa = PBXNativeTarget;
			buildConfigurationList = 34F0E1A8292306AF0049E906 /* Build configuration list for PBXNativeTarget "quiz" */;
			buildPhases = (
				64630AA7160DF1FF2991D174 /* [CP] Check Pods Manifest.lock */,
				34F0E17A292306AD0049E906 /* Sources */,
				34F0E17B292306AD0049E906 /* Frameworks */,
				34F0E17C292306AD0049E906 /* Resources */,
				A817D3C3E049279008AEB12C /* [CP] Embed Pods Frameworks */,
			);
			buildRules = (
			);
			dependencies = (
			);
			name = quiz;
			productName = quiz;
			productReference = 34F0E17E292306AD0049E906 /* quiz.app */;
			productType = "com.apple.product-type.application";
		};
		34F0E193292306AF0049E906 /* quizTests */ = {
			isa = PBXNativeTarget;
			buildConfigurationList = 34F0E1AB292306AF0049E906 /* Build configuration list for PBXNativeTarget "quizTests" */;
			buildPhases = (
				34F0E190292306AF0049E906 /* Sources */,
				34F0E191292306AF0049E906 /* Frameworks */,
				34F0E192292306AF0049E906 /* Resources */,
			);
			buildRules = (
			);
			dependencies = (
				34F0E196292306AF0049E906 /* PBXTargetDependency */,
			);
			name = quizTests;
			productName = quizTests;
			productReference = 34F0E194292306AF0049E906 /* quizTests.xctest */;
			productType = "com.apple.product-type.bundle.unit-test";
		};
		34F0E19D292306AF0049E906 /* quizUITests */ = {
			isa = PBXNativeTarget;
			buildConfigurationList = 34F0E1AE292306AF0049E906 /* Build configuration list for PBXNativeTarget "quizUITests" */;
			buildPhases = (
				34F0E19A292306AF0049E906 /* Sources */,
				34F0E19B292306AF0049E906 /* Frameworks */,
				34F0E19C292306AF0049E906 /* Resources */,
			);
			buildRules = (
			);
			dependencies = (
				34F0E1A0292306AF0049E906 /* PBXTargetDependency */,
			);
			name = quizUITests;
			productName = quizUITests;
			productReference = 34F0E19E292306AF0049E906 /* quizUITests.xctest */;
			productType = "com.apple.product-type.bundle.ui-testing";
		};
/* End PBXNativeTarget section */

/* Begin PBXProject section */
		34F0E176292306AD0049E906 /* Project object */ = {
			isa = PBXProject;
			attributes = {
				BuildIndependentTargetsInParallel = 1;
				LastSwiftUpdateCheck = 1410;
				LastUpgradeCheck = 1410;
				TargetAttributes = {
					34F0E17D292306AD0049E906 = {
						CreatedOnToolsVersion = 14.1;
					};
					34F0E193292306AF0049E906 = {
						CreatedOnToolsVersion = 14.1;
						TestTargetID = 34F0E17D292306AD0049E906;
					};
					34F0E19D292306AF0049E906 = {
						CreatedOnToolsVersion = 14.1;
						TestTargetID = 34F0E17D292306AD0049E906;
					};
				};
			};
			buildConfigurationList = 34F0E179292306AD0049E906 /* Build configuration list for PBXProject "quiz" */;
			compatibilityVersion = "Xcode 14.0";
			developmentRegion = en;
			hasScannedForEncodings = 0;
			knownRegions = (
				en,
				Base,
			);
			mainGroup = 34F0E175292306AD0049E906;
			productRefGroup = 34F0E17F292306AD0049E906 /* Products */;
			projectDirPath = "";
			projectRoot = "";
			targets = (
				34F0E17D292306AD0049E906 /* quiz */,
				34F0E193292306AF0049E906 /* quizTests */,
				34F0E19D292306AF0049E906 /* quizUITests */,
			);
		};
/* End PBXProject section */

/* Begin PBXResourcesBuildPhase section */
		34F0E17C292306AD0049E906 /* Resources */ = {
			isa = PBXResourcesBuildPhase;
			buildActionMask = 2147483647;
			files = (
				34F0E18E292306AF0049E906 /* LaunchScreen.storyboard in Resources */,
				34F0E18B292306AF0049E906 /* Assets.xcassets in Resources */,
				34F0E189292306AD0049E906 /* Main.storyboard in Resources */,
			);
			runOnlyForDeploymentPostprocessing = 0;
		};
		34F0E192292306AF0049E906 /* Resources */ = {
			isa = PBXResourcesBuildPhase;
			buildActionMask = 2147483647;
			files = (
			);
			runOnlyForDeploymentPostprocessing = 0;
		};
		34F0E19C292306AF0049E906 /* Resources */ = {
			isa = PBXResourcesBuildPhase;
			buildActionMask = 2147483647;
			files = (
			);
			runOnlyForDeploymentPostprocessing = 0;
		};
/* End PBXResourcesBuildPhase section */

/* Begin PBXShellScriptBuildPhase section */
		64630AA7160DF1FF2991D174 /* [CP] Check Pods Manifest.lock */ = {
			isa = PBXShellScriptBuildPhase;
			buildActionMask = 2147483647;
			files = (
			);
			inputFileListPaths = (
			);
			inputPaths = (
				"${PODS_PODFILE_DIR_PATH}/Podfile.lock",
				"${PODS_ROOT}/Manifest.lock",
			);
			name = "[CP] Check Pods Manifest.lock";
			outputFileListPaths = (
			);
			outputPaths = (
				"$(DERIVED_FILE_DIR)/Pods-quiz-checkManifestLockResult.txt",
			);
			runOnlyForDeploymentPostprocessing = 0;
			shellPath = /bin/sh;
			shellScript = "diff \"${PODS_PODFILE_DIR_PATH}/Podfile.lock\" \"${PODS_ROOT}/Manifest.lock\" > /dev/null\nif [ $? != 0 ] ; then\n    # print error to STDERR\n    echo \"error: The sandbox is not in sync with the Podfile.lock. Run 'pod install' or update your CocoaPods installation.\" >&2\n    exit 1\nfi\n# This output is used by Xcode 'outputs' to avoid re-running this script phase.\necho \"SUCCESS\" > \"${SCRIPT_OUTPUT_FILE_0}\"\n";
			showEnvVarsInLog = 0;
		};
		A817D3C3E049279008AEB12C /* [CP] Embed Pods Frameworks */ = {
			isa = PBXShellScriptBuildPhase;
			buildActionMask = 2147483647;
			files = (
			);
			inputFileListPaths = (
				"${PODS_ROOT}/Target Support Files/Pods-quiz/Pods-quiz-frameworks-${CONFIGURATION}-input-files.xcfilelist",
			);
			name = "[CP] Embed Pods Frameworks";
			outputFileListPaths = (
				"${PODS_ROOT}/Target Support Files/Pods-quiz/Pods-quiz-frameworks-${CONFIGURATION}-output-files.xcfilelist",
			);
			runOnlyForDeploymentPostprocessing = 0;
			shellPath = /bin/sh;
			shellScript = "\"${PODS_ROOT}/Target Support Files/Pods-quiz/Pods-quiz-frameworks.sh\"\n";
			showEnvVarsInLog = 0;
		};
/* End PBXShellScriptBuildPhase section */

/* Begin PBXSourcesBuildPhase section */
		34F0E17A292306AD0049E906 /* Sources */ = {
			isa = PBXSourcesBuildPhase;
			buildActionMask = 2147483647;
			files = (
				34A8731B2927065C0048E7C6 /* ItemStore.swift in Sources */,
				34F0E1B529244C7B0049E906 /* ScoresViewController.swift in Sources */,
				34F0E1B7292558AB0049E906 /* PublicData.swift in Sources */,
				34F0E186292306AD0049E906 /* NumViewController.swift in Sources */,
				34F0E1B3292448DF0049E906 /* MCQsViewController.swift in Sources */,
				34A8731D29276B170048E7C6 /* TableViewCell.swift in Sources */,
				347E19812926F9C700846218 /* ItemsViewController.swift in Sources */,
				34F0E182292306AD0049E906 /* AppDelegate.swift in Sources */,
				34A8731F292775210048E7C6 /* DetailController.swift in Sources */,
				34F0E184292306AD0049E906 /* SceneDelegate.swift in Sources */,
			);
			runOnlyForDeploymentPostprocessing = 0;
		};
		34F0E190292306AF0049E906 /* Sources */ = {
			isa = PBXSourcesBuildPhase;
			buildActionMask = 2147483647;
			files = (
				34F0E199292306AF0049E906 /* quizTests.swift in Sources */,
			);
			runOnlyForDeploymentPostprocessing = 0;
		};
		34F0E19A292306AF0049E906 /* Sources */ = {
			isa = PBXSourcesBuildPhase;
			buildActionMask = 2147483647;
			files = (
				34F0E1A3292306AF0049E906 /* quizUITests.swift in Sources */,
				34F0E1A5292306AF0049E906 /* quizUITestsLaunchTests.swift in Sources */,
			);
			runOnlyForDeploymentPostprocessing = 0;
		};
/* End PBXSourcesBuildPhase section */

/* Begin PBXTargetDependency section */
		34F0E196292306AF0049E906 /* PBXTargetDependency */ = {
			isa = PBXTargetDependency;
			target = 34F0E17D292306AD0049E906 /* quiz */;
			targetProxy = 34F0E195292306AF0049E906 /* PBXContainerItemProxy */;
		};
		34F0E1A0292306AF0049E906 /* PBXTargetDependency */ = {
			isa = PBXTargetDependency;
			target = 34F0E17D292306AD0049E906 /* quiz */;
			targetProxy = 34F0E19F292306AF0049E906 /* PBXContainerItemProxy */;
		};
/* End PBXTargetDependency section */

/* Begin PBXVariantGroup section */
		34F0E187292306AD0049E906 /* Main.storyboard */ = {
			isa = PBXVariantGroup;
			children = (
				34F0E188292306AD0049E906 /* Base */,
			);
			name = Main.storyboard;
			sourceTree = "<group>";
		};
		34F0E18C292306AF0049E906 /* LaunchScreen.storyboard */ = {
			isa = PBXVariantGroup;
			children = (
				34F0E18D292306AF0049E906 /* Base */,
			);
			name = LaunchScreen.storyboard;
			sourceTree = "<group>";
		};
/* End PBXVariantGroup section */

/* Begin XCBuildConfiguration section */
		34F0E1A6292306AF0049E906 /* Debug */ = {
			isa = XCBuildConfiguration;
			buildSettings = {
				ALWAYS_SEARCH_USER_PATHS = NO;
				CLANG_ANALYZER_NONNULL = YES;
				CLANG_ANALYZER_NUMBER_OBJECT_CONVERSION = YES_AGGRESSIVE;
				CLANG_CXX_LANGUAGE_STANDARD = "gnu++20";
				CLANG_ENABLE_MODULES = YES;
				CLANG_ENABLE_OBJC_ARC = YES;
				CLANG_ENABLE_OBJC_WEAK = YES;
				CLANG_WARN_BLOCK_CAPTURE_AUTORELEASING = YES;
				CLANG_WARN_BOOL_CONVERSION = YES;
				CLANG_WARN_COMMA = YES;
				CLANG_WARN_CONSTANT_CONVERSION = YES;
				CLANG_WARN_DEPRECATED_OBJC_IMPLEMENTATIONS = YES;
				CLANG_WARN_DIRECT_OBJC_ISA_USAGE = YES_ERROR;
				CLANG_WARN_DOCUMENTATION_COMMENTS = YES;
				CLANG_WARN_EMPTY_BODY = YES;
				CLANG_WARN_ENUM_CONVERSION = YES;
				CLANG_WARN_INFINITE_RECURSION = YES;
				CLANG_WARN_INT_CONVERSION = YES;
				CLANG_WARN_NON_LITERAL_NULL_CONVERSION = YES;
				CLANG_WARN_OBJC_IMPLICIT_RETAIN_SELF = YES;
				CLANG_WARN_OBJC_LITERAL_CONVERSION = YES;
				CLANG_WARN_OBJC_ROOT_CLASS = YES_ERROR;
				CLANG_WARN_QUOTED_INCLUDE_IN_FRAMEWORK_HEADER = YES;
				CLANG_WARN_RANGE_LOOP_ANALYSIS = YES;
				CLANG_WARN_STRICT_PROTOTYPES = YES;
				CLANG_WARN_SUSPICIOUS_MOVE = YES;
				CLANG_WARN_UNGUARDED_AVAILABILITY = YES_AGGRESSIVE;
				CLANG_WARN_UNREACHABLE_CODE = YES;
				CLANG_WARN__DUPLICATE_METHOD_MATCH = YES;
				COPY_PHASE_STRIP = NO;
				DEBUG_INFORMATION_FORMAT = dwarf;
				ENABLE_STRICT_OBJC_MSGSEND = YES;
				ENABLE_TESTABILITY = YES;
				GCC_C_LANGUAGE_STANDARD = gnu11;
				GCC_DYNAMIC_NO_PIC = NO;
				GCC_NO_COMMON_BLOCKS = YES;
				GCC_OPTIMIZATION_LEVEL = 0;
				GCC_PREPROCESSOR_DEFINITIONS = (
					"DEBUG=1",
					"$(inherited)",
				);
				GCC_WARN_64_TO_32_BIT_CONVERSION = YES;
				GCC_WARN_ABOUT_RETURN_TYPE = YES_ERROR;
				GCC_WARN_UNDECLARED_SELECTOR = YES;
				GCC_WARN_UNINITIALIZED_AUTOS = YES_AGGRESSIVE;
				GCC_WARN_UNUSED_FUNCTION = YES;
				GCC_WARN_UNUSED_VARIABLE = YES;
				IPHONEOS_DEPLOYMENT_TARGET = 16.1;
				MTL_ENABLE_DEBUG_INFO = INCLUDE_SOURCE;
				MTL_FAST_MATH = YES;
				ONLY_ACTIVE_ARCH = YES;
				SDKROOT = iphoneos;
				SWIFT_ACTIVE_COMPILATION_CONDITIONS = DEBUG;
				SWIFT_OPTIMIZATION_LEVEL = "-Onone";
			};
			name = Debug;
		};
		34F0E1A7292306AF0049E906 /* Release */ = {
			isa = XCBuildConfiguration;
			buildSettings = {
				ALWAYS_SEARCH_USER_PATHS = NO;
				CLANG_ANALYZER_NONNULL = YES;
				CLANG_ANALYZER_NUMBER_OBJECT_CONVERSION = YES_AGGRESSIVE;
				CLANG_CXX_LANGUAGE_STANDARD = "gnu++20";
				CLANG_ENABLE_MODULES = YES;
				CLANG_ENABLE_OBJC_ARC = YES;
				CLANG_ENABLE_OBJC_WEAK = YES;
				CLANG_WARN_BLOCK_CAPTURE_AUTORELEASING = YES;
				CLANG_WARN_BOOL_CONVERSION = YES;
				CLANG_WARN_COMMA = YES;
				CLANG_WARN_CONSTANT_CONVERSION = YES;
				CLANG_WARN_DEPRECATED_OBJC_IMPLEMENTATIONS = YES;
				CLANG_WARN_DIRECT_OBJC_ISA_USAGE = YES_ERROR;
				CLANG_WARN_DOCUMENTATION_COMMENTS = YES;
				CLANG_WARN_EMPTY_BODY = YES;
				CLANG_WARN_ENUM_CONVERSION = YES;
				CLANG_WARN_INFINITE_RECURSION = YES;
				CLANG_WARN_INT_CONVERSION = YES;
				CLANG_WARN_NON_LITERAL_NULL_CONVERSION = YES;
				CLANG_WARN_OBJC_IMPLICIT_RETAIN_SELF = YES;
				CLANG_WARN_OBJC_LITERAL_CONVERSION = YES;
				CLANG_WARN_OBJC_ROOT_CLASS = YES_ERROR;
				CLANG_WARN_QUOTED_INCLUDE_IN_FRAMEWORK_HEADER = YES;
				CLANG_WARN_RANGE_LOOP_ANALYSIS = YES;
				CLANG_WARN_STRICT_PROTOTYPES = YES;
				CLANG_WARN_SUSPICIOUS_MOVE = YES;
				CLANG_WARN_UNGUARDED_AVAILABILITY = YES_AGGRESSIVE;
				CLANG_WARN_UNREACHABLE_CODE = YES;
				CLANG_WARN__DUPLICATE_METHOD_MATCH = YES;
				COPY_PHASE_STRIP = NO;
				DEBUG_INFORMATION_FORMAT = "dwarf-with-dsym";
				ENABLE_NS_ASSERTIONS = NO;
				ENABLE_STRICT_OBJC_MSGSEND = YES;
				GCC_C_LANGUAGE_STANDARD = gnu11;
				GCC_NO_COMMON_BLOCKS = YES;
				GCC_WARN_64_TO_32_BIT_CONVERSION = YES;
				GCC_WARN_ABOUT_RETURN_TYPE = YES_ERROR;
				GCC_WARN_UNDECLARED_SELECTOR = YES;
				GCC_WARN_UNINITIALIZED_AUTOS = YES_AGGRESSIVE;
				GCC_WARN_UNUSED_FUNCTION = YES;
				GCC_WARN_UNUSED_VARIABLE = YES;
				IPHONEOS_DEPLOYMENT_TARGET = 16.1;
				MTL_ENABLE_DEBUG_INFO = NO;
				MTL_FAST_MATH = YES;
				SDKROOT = iphoneos;
				SWIFT_COMPILATION_MODE = wholemodule;
				SWIFT_OPTIMIZATION_LEVEL = "-O";
				VALIDATE_PRODUCT = YES;
			};
			name = Release;
		};
		34F0E1A9292306AF0049E906 /* Debug */ = {
			isa = XCBuildConfiguration;
			baseConfigurationReference = EF8EE64797958DA04F77FA44 /* Pods-quiz.debug.xcconfig */;
			buildSettings = {
				ASSETCATALOG_COMPILER_APPICON_NAME = AppIcon;
				ASSETCATALOG_COMPILER_GLOBAL_ACCENT_COLOR_NAME = AccentColor;
				CODE_SIGN_STYLE = Automatic;
				CURRENT_PROJECT_VERSION = 1;
				GENERATE_INFOPLIST_FILE = YES;
				INFOPLIST_FILE = quiz/Info.plist;
				INFOPLIST_KEY_UIApplicationSupportsIndirectInputEvents = YES;
				INFOPLIST_KEY_UILaunchStoryboardName = Main.storyboard;
				INFOPLIST_KEY_UIMainStoryboardFile = Main;
				INFOPLIST_KEY_UISupportedInterfaceOrientations_iPad = "UIInterfaceOrientationPortrait UIInterfaceOrientationPortraitUpsideDown UIInterfaceOrientationLandscapeLeft UIInterfaceOrientationLandscapeRight";
				INFOPLIST_KEY_UISupportedInterfaceOrientations_iPhone = "UIInterfaceOrientationPortrait UIInterfaceOrientationLandscapeLeft UIInterfaceOrientationLandscapeRight";
				LD_RUNPATH_SEARCH_PATHS = (
					"$(inherited)",
					"@executable_path/Frameworks",
				);
				MARKETING_VERSION = 1.0;
				PRODUCT_BUNDLE_IDENTIFIER = com.fengnan.quiz;
				PRODUCT_NAME = "$(TARGET_NAME)";
				SWIFT_EMIT_LOC_STRINGS = YES;
				SWIFT_VERSION = 5.0;
				TARGETED_DEVICE_FAMILY = "1,2";
			};
			name = Debug;
		};
		34F0E1AA292306AF0049E906 /* Release */ = {
			isa = XCBuildConfiguration;
			baseConfigurationReference = F846D3C75469484DD084AF73 /* Pods-quiz.release.xcconfig */;
			buildSettings = {
				ASSETCATALOG_COMPILER_APPICON_NAME = AppIcon;
				ASSETCATALOG_COMPILER_GLOBAL_ACCENT_COLOR_NAME = AccentColor;
				CODE_SIGN_STYLE = Automatic;
				CURRENT_PROJECT_VERSION = 1;
				GENERATE_INFOPLIST_FILE = YES;
				INFOPLIST_FILE = quiz/Info.plist;
				INFOPLIST_KEY_UIApplicationSupportsIndirectInputEvents = YES;
				INFOPLIST_KEY_UILaunchStoryboardName = Main.storyboard;
				INFOPLIST_KEY_UIMainStoryboardFile = Main;
				INFOPLIST_KEY_UISupportedInterfaceOrientations_iPad = "UIInterfaceOrientationPortrait UIInterfaceOrientationPortraitUpsideDown UIInterfaceOrientationLandscapeLeft UIInterfaceOrientationLandscapeRight";
				INFOPLIST_KEY_UISupportedInterfaceOrientations_iPhone = "UIInterfaceOrientationPortrait UIInterfaceOrientationLandscapeLeft UIInterfaceOrientationLandscapeRight";
				LD_RUNPATH_SEARCH_PATHS = (
					"$(inherited)",
					"@executable_path/Frameworks",
				);
				MARKETING_VERSION = 1.0;
				PRODUCT_BUNDLE_IDENTIFIER = com.fengnan.quiz;
				PRODUCT_NAME = "$(TARGET_NAME)";
				SWIFT_EMIT_LOC_STRINGS = YES;
				SWIFT_VERSION = 5.0;
				TARGETED_DEVICE_FAMILY = "1,2";
			};
			name = Release;
		};
		34F0E1AC292306AF0049E906 /* Debug */ = {
			isa = XCBuildConfiguration;
			buildSettings = {
				ALWAYS_EMBED_SWIFT_STANDARD_LIBRARIES = YES;
				BUNDLE_LOADER = "$(TEST_HOST)";
				CODE_SIGN_STYLE = Automatic;
				CURRENT_PROJECT_VERSION = 1;
				GENERATE_INFOPLIST_FILE = YES;
				IPHONEOS_DEPLOYMENT_TARGET = 16.1;
				MARKETING_VERSION = 1.0;
				PRODUCT_BUNDLE_IDENTIFIER = com.fengnan.quizTests;
				PRODUCT_NAME = "$(TARGET_NAME)";
				SWIFT_EMIT_LOC_STRINGS = NO;
				SWIFT_VERSION = 5.0;
				TARGETED_DEVICE_FAMILY = "1,2";
				TEST_HOST = "$(BUILT_PRODUCTS_DIR)/quiz.app/$(BUNDLE_EXECUTABLE_FOLDER_PATH)/quiz";
			};
			name = Debug;
		};
		34F0E1AD292306AF0049E906 /* Release */ = {
			isa = XCBuildConfiguration;
			buildSettings = {
				ALWAYS_EMBED_SWIFT_STANDARD_LIBRARIES = YES;
				BUNDLE_LOADER = "$(TEST_HOST)";
				CODE_SIGN_STYLE = Automatic;
				CURRENT_PROJECT_VERSION = 1;
				GENERATE_INFOPLIST_FILE = YES;
				IPHONEOS_DEPLOYMENT_TARGET = 16.1;
				MARKETING_VERSION = 1.0;
				PRODUCT_BUNDLE_IDENTIFIER = com.fengnan.quizTests;
				PRODUCT_NAME = "$(TARGET_NAME)";
				SWIFT_EMIT_LOC_STRINGS = NO;
				SWIFT_VERSION = 5.0;
				TARGETED_DEVICE_FAMILY = "1,2";
				TEST_HOST = "$(BUILT_PRODUCTS_DIR)/quiz.app/$(BUNDLE_EXECUTABLE_FOLDER_PATH)/quiz";
			};
			name = Release;
		};
		34F0E1AF292306AF0049E906 /* Debug */ = {
			isa = XCBuildConfiguration;
			buildSettings = {
				ALWAYS_EMBED_SWIFT_STANDARD_LIBRARIES = YES;
				CODE_SIGN_STYLE = Automatic;
				CURRENT_PROJECT_VERSION = 1;
				GENERATE_INFOPLIST_FILE = YES;
				MARKETING_VERSION = 1.0;
				PRODUCT_BUNDLE_IDENTIFIER = com.fengnan.quizUITests;
				PRODUCT_NAME = "$(TARGET_NAME)";
				SWIFT_EMIT_LOC_STRINGS = NO;
				SWIFT_VERSION = 5.0;
				TARGETED_DEVICE_FAMILY = "1,2";
				TEST_TARGET_NAME = quiz;
			};
			name = Debug;
		};
		34F0E1B0292306AF0049E906 /* Release */ = {
			isa = XCBuildConfiguration;
			buildSettings = {
				ALWAYS_EMBED_SWIFT_STANDARD_LIBRARIES = YES;
				CODE_SIGN_STYLE = Automatic;
				CURRENT_PROJECT_VERSION = 1;
				GENERATE_INFOPLIST_FILE = YES;
				MARKETING_VERSION = 1.0;
				PRODUCT_BUNDLE_IDENTIFIER = com.fengnan.quizUITests;
				PRODUCT_NAME = "$(TARGET_NAME)";
				SWIFT_EMIT_LOC_STRINGS = NO;
				SWIFT_VERSION = 5.0;
				TARGETED_DEVICE_FAMILY = "1,2";
				TEST_TARGET_NAME = quiz;
			};
			name = Release;
		};
/* End XCBuildConfiguration section */

/* Begin XCConfigurationList section */
		34F0E179292306AD0049E906 /* Build configuration list for PBXProject "quiz" */ = {
			isa = XCConfigurationList;
			buildConfigurations = (
				34F0E1A6292306AF0049E906 /* Debug */,
				34F0E1A7292306AF0049E906 /* Release */,
			);
			defaultConfigurationIsVisible = 0;
			defaultConfigurationName = Release;
		};
		34F0E1A8292306AF0049E906 /* Build configuration list for PBXNativeTarget "quiz" */ = {
			isa = XCConfigurationList;
			buildConfigurations = (
				34F0E1A9292306AF0049E906 /* Debug */,
				34F0E1AA292306AF0049E906 /* Release */,
			);
			defaultConfigurationIsVisible = 0;
			defaultConfigurationName = Release;
		};
		34F0E1AB292306AF0049E906 /* Build configuration list for PBXNativeTarget "quizTests" */ = {
			isa = XCConfigurationList;
			buildConfigurations = (
				34F0E1AC292306AF0049E906 /* Debug */,
				34F0E1AD292306AF0049E906 /* Release */,
			);
			defaultConfigurationIsVisible = 0;
			defaultConfigurationName = Release;
		};
		34F0E1AE292306AF0049E906 /* Build configuration list for PBXNativeTarget "quizUITests" */ = {
			isa = XCConfigurationList;
			buildConfigurations = (
				34F0E1AF292306AF0049E906 /* Debug */,
				34F0E1B0292306AF0049E906 /* Release */,
			);
			defaultConfigurationIsVisible = 0;
			defaultConfigurationName = Release;
		};
/* End XCConfigurationList section */
	};
	rootObject = 34F0E176292306AD0049E906 /* Project object */;
}
